
Microsoft Visual Studio Solution File, Format Version 12.00
# Visual Studio Version 17
VisualStudioVersion = 17.0.32112.339
MinimumVisualStudioVersion = 10.0.40219.1
Project("{FAE04EC0-301F-11D3-BF4B-00C04F79EFBC}") = "ODataStudent", "ODataStudent.csproj", "{5F61D92B-AC95-4373-B651-C9901333C85C}"
EndProject
Global
	GlobalSection(SolutionConfigurationPlatforms) = preSolution
		Debug|Any CPU = Debug|Any CPU
		Release|Any CPU = Release|Any CPU
	EndGlobalSection
	GlobalSection(ProjectConfigurationPlatforms) = postSolution
		{5F61D92B-AC95-4373-B651-C9901333C85C}.Debug|Any CPU.ActiveCfg = Debug|Any CPU
		{5F61D92B-AC95-4373-B651-C9901333C85C}.Debug|Any CPU.Build.0 = Debug|Any CPU
		{5F61D92B-AC95-4373-B651-C9901333C85C}.Release|Any CPU.ActiveCfg = Release|Any CPU
		{5F61D92B-AC95-4373-B651-C9901333C85C}.Release|Any CPU.Build.0 = Release|Any CPU
	EndGlobalSection
	GlobalSection(SolutionProperties) = preSolution
		HideSolutionNode = FALSE
	EndGlobalSection
	GlobalSection(ExtensibilityGlobals) = postSolution
		SolutionGuid = {9452A482-76E3-4AE1-AC07-D4542042FD76}
	EndGlobalSection
EndGlobal
